// !$*UTF8*$!
{
	archiveVersion = 1;
	classes = {
	};
	objectVersion = 55;
	objects = {

/* Begin PBXBuildFile section */
		BD0F6818283FF07A00ACC18E /* AppDelegate.swift in Sources */ = {isa = PBXBuildFile; fileRef = BD0F6817283FF07A00ACC18E /* AppDelegate.swift */; };
		BD0F681A283FF07A00ACC18E /* SceneDelegate.swift in Sources */ = {isa = PBXBuildFile; fileRef = BD0F6819283FF07A00ACC18E /* SceneDelegate.swift */; };
		BD0F681C283FF07A00ACC18E /* ViewController.swift in Sources */ = {isa = PBXBuildFile; fileRef = BD0F681B283FF07A00ACC18E /* ViewController.swift */; };
		BD0F681F283FF07A00ACC18E /* Main.storyboard in Resources */ = {isa = PBXBuildFile; fileRef = BD0F681D283FF07A00ACC18E /* Main.storyboard */; };
		BD0F6821283FF07C00ACC18E /* Assets.xcassets in Resources */ = {isa = PBXBuildFile; fileRef = BD0F6820283FF07C00ACC18E /* Assets.xcassets */; };
		BD0F6824283FF07C00ACC18E /* LaunchScreen.storyboard in Resources */ = {isa = PBXBuildFile; fileRef = BD0F6822283FF07C00ACC18E /* LaunchScreen.storyboard */; };
		BD0F682D283FF0B400ACC18E /* Todo.json in Resources */ = {isa = PBXBuildFile; fileRef = BD0F682C283FF0B400ACC18E /* Todo.json */; };
		BD0F6834283FF0F900ACC18E /* Todo.swift in Sources */ = {isa = PBXBuildFile; fileRef = BD0F6833283FF0F900ACC18E /* Todo.swift */; };
		BD0F6837283FF13C00ACC18E /* MockParser.swift in Sources */ = {isa = PBXBuildFile; fileRef = BD0F6836283FF13C00ACC18E /* MockParser.swift */; };
		BD0F683A283FF1AA00ACC18E /* TodoManager.swift in Sources */ = {isa = PBXBuildFile; fileRef = BD0F6839283FF1AA00ACC18E /* TodoManager.swift */; };
/* End PBXBuildFile section */

/* Begin PBXFileReference section */
		BD0F6814283FF07A00ACC18E /* JSONMock.app */ = {isa = PBXFileReference; explicitFileType = wrapper.application; includeInIndex = 0; path = JSONMock.app; sourceTree = BUILT_PRODUCTS_DIR; };
		BD0F6817283FF07A00ACC18E /* AppDelegate.swift */ = {isa = PBXFileReference; lastKnownFileType = sourcecode.swift; path = AppDelegate.swift; sourceTree = "<group>"; };
		BD0F6819283FF07A00ACC18E /* SceneDelegate.swift */ = {isa = PBXFileReference; lastKnownFileType = sourcecode.swift; path = SceneDelegate.swift; sourceTree = "<group>"; };
		BD0F681B283FF07A00ACC18E /* ViewController.swift */ = {isa = PBXFileReference; lastKnownFileType = sourcecode.swift; path = ViewController.swift; sourceTree = "<group>"; };
		BD0F681E283FF07A00ACC18E /* Base */ = {isa = PBXFileReference; lastKnownFileType = file.storyboard; name = Base; path = Base.lproj/Main.storyboard; sourceTree = "<group>"; };
		BD0F6820283FF07C00ACC18E /* Assets.xcassets */ = {isa = PBXFileReference; lastKnownFileType = folder.assetcatalog; path = Assets.xcassets; sourceTree = "<group>"; };
		BD0F6823283FF07C00ACC18E /* Base */ = {isa = PBXFileReference; lastKnownFileType = file.storyboard; name = Base; path = Base.lproj/LaunchScreen.storyboard; sourceTree = "<group>"; };
		BD0F6825283FF07C00ACC18E /* Info.plist */ = {isa = PBXFileReference; lastKnownFileType = text.plist.xml; path = Info.plist; sourceTree = "<group>"; };
		BD0F682C283FF0B400ACC18E /* Todo.json */ = {isa = PBXFileReference; lastKnownFileType = text.json; path = Todo.json; sourceTree = "<group>"; };
		BD0F6833283FF0F900ACC18E /* Todo.swift */ = {isa = PBXFileReference; lastKnownFileType = sourcecode.swift; path = Todo.swift; sourceTree = "<group>"; };
		BD0F6836283FF13C00ACC18E /* MockParser.swift */ = {isa = PBXFileReference; lastKnownFileType = sourcecode.swift; path = MockParser.swift; sourceTree = "<group>"; };
		BD0F6839283FF1AA00ACC18E /* TodoManager.swift */ = {isa = PBXFileReference; lastKnownFileType = sourcecode.swift; path = TodoManager.swift; sourceTree = "<group>"; };
/* End PBXFileReference section */

/* Begin PBXFrameworksBuildPhase section */
		BD0F6811283FF07A00ACC18E /* Frameworks */ = {
			isa = PBXFrameworksBuildPhase;
			buildActionMask = 2147483647;
			files = (
			);
			runOnlyForDeploymentPostprocessing = 0;
		};
/* End PBXFrameworksBuildPhase section */

/* Begin PBXGroup section */
		BD0F680B283FF07A00ACC18E = {
			isa = PBXGroup;
			children = (
				BD0F6816283FF07A00ACC18E /* JSONMock */,
				BD0F6815283FF07A00ACC18E /* Products */,
			);
			sourceTree = "<group>";
		};
		BD0F6815283FF07A00ACC18E /* Products */ = {
			isa = PBXGroup;
			children = (
				BD0F6814283FF07A00ACC18E /* JSONMock.app */,
			);
			name = Products;
			sourceTree = "<group>";
		};
		BD0F6816283FF07A00ACC18E /* JSONMock */ = {
			isa = PBXGroup;
			children = (
				BD0F6838283FF19F00ACC18E /* Service */,
				BD0F6835283FF13400ACC18E /* Network */,
				BD0F682E283FF0D200ACC18E /* Model */,
				BD0F682B283FF08600ACC18E /* Mock */,
				BD0F6817283FF07A00ACC18E /* AppDelegate.swift */,
				BD0F6819283FF07A00ACC18E /* SceneDelegate.swift */,
				BD0F681B283FF07A00ACC18E /* ViewController.swift */,
				BD0F681D283FF07A00ACC18E /* Main.storyboard */,
				BD0F6820283FF07C00ACC18E /* Assets.xcassets */,
				BD0F6822283FF07C00ACC18E /* LaunchScreen.storyboard */,
				BD0F6825283FF07C00ACC18E /* Info.plist */,
			);
			path = JSONMock;
			sourceTree = "<group>";
		};
		BD0F682B283FF08600ACC18E /* Mock */ = {
			isa = PBXGroup;
			children = (
				BD0F682C283FF0B400ACC18E /* Todo.json */,
			);
			path = Mock;
			sourceTree = "<group>";
		};
		BD0F682E283FF0D200ACC18E /* Model */ = {
			isa = PBXGroup;
			children = (
				BD0F6833283FF0F900ACC18E /* Todo.swift */,
			);
			path = Model;
			sourceTree = "<group>";
		};
		BD0F6835283FF13400ACC18E /* Network */ = {
			isa = PBXGroup;
			children = (
				BD0F6836283FF13C00ACC18E /* MockParser.swift */,
			);
			path = Network;
			sourceTree = "<group>";
		};
		BD0F6838283FF19F00ACC18E /* Service */ = {
			isa = PBXGroup;
			children = (
				BD0F6839283FF1AA00ACC18E /* TodoManager.swift */,
			);
			path = Service;
			sourceTree = "<group>";
		};
/* End PBXGroup section */

/* Begin PBXNativeTarget section */
		BD0F6813283FF07A00ACC18E /* JSONMock */ = {
			isa = PBXNativeTarget;
			buildConfigurationList = BD0F6828283FF07C00ACC18E /* Build configuration list for PBXNativeTarget "JSONMock" */;
			buildPhases = (
				BD0F6810283FF07A00ACC18E /* Sources */,
				BD0F6811283FF07A00ACC18E /* Frameworks */,
				BD0F6812283FF07A00ACC18E /* Resources */,
			);
			buildRules = (
			);
			dependencies = (
			);
			name = JSONMock;
			productName = JSONMock;
			productReference = BD0F6814283FF07A00ACC18E /* JSONMock.app */;
			productType = "com.apple.product-type.application";
		};
/* End PBXNativeTarget section */

/* Begin PBXProject section */
		BD0F680C283FF07A00ACC18E /* Project object */ = {
			isa = PBXProject;
			attributes = {
				BuildIndependentTargetsInParallel = 1;
				LastSwiftUpdateCheck = 1340;
				LastUpgradeCheck = 1340;
				TargetAttributes = {
					BD0F6813283FF07A00ACC18E = {
						CreatedOnToolsVersion = 13.4;
					};
				};
			};
			buildConfigurationList = BD0F680F283FF07A00ACC18E /* Build configuration list for PBXProject "JSONMock" */;
			compatibilityVersion = "Xcode 13.0";
			developmentRegion = en;
			hasScannedForEncodings = 0;
			knownRegions = (
				en,
				Base,
			);
			mainGroup = BD0F680B283FF07A00ACC18E;
			productRefGroup = BD0F6815283FF07A00ACC18E /* Products */;
			projectDirPath = "";
			projectRoot = "";
			targets = (
				BD0F6813283FF07A00ACC18E /* JSONMock */,
			);
		};
/* End PBXProject section */

/* Begin PBXResourcesBuildPhase section */
		BD0F6812283FF07A00ACC18E /* Resources */ = {
			isa = PBXResourcesBuildPhase;
			buildActionMask = 2147483647;
			files = (
				BD0F6824283FF07C00ACC18E /* LaunchScreen.storyboard in Resources */,
				BD0F6821283FF07C00ACC18E /* Assets.xcassets in Resources */,
				BD0F681F283FF07A00ACC18E /* Main.storyboard in Resources */,
				BD0F682D283FF0B400ACC18E /* Todo.json in Resources */,
			);
			runOnlyForDeploymentPostprocessing = 0;
		};
/* End PBXResourcesBuildPhase section */

/* Begin PBXSourcesBuildPhase section */
		BD0F6810283FF07A00ACC18E /* Sources */ = {
			isa = PBXSourcesBuildPhase;
			buildActionMask = 2147483647;
			files = (
				BD0F681C283FF07A00ACC18E /* ViewController.swift in Sources */,
				BD0F683A283FF1AA00ACC18E /* TodoManager.swift in Sources */,
				BD0F6818283FF07A00ACC18E /* AppDelegate.swift in Sources */,
				BD0F681A283FF07A00ACC18E /* SceneDelegate.swift in Sources */,
				BD0F6837283FF13C00ACC18E /* MockParser.swift in Sources */,
				BD0F6834283FF0F900ACC18E /* Todo.swift in Sources */,
			);
			runOnlyForDeploymentPostprocessing = 0;
		};
/* End PBXSourcesBuildPhase section */

/* Begin PBXVariantGroup section */
		BD0F681D283FF07A00ACC18E /* Main.storyboard */ = {
			isa = PBXVariantGroup;
			children = (
				BD0F681E283FF07A00ACC18E /* Base */,
			);
			name = Main.storyboard;
			sourceTree = "<group>";
		};
		BD0F6822283FF07C00ACC18E /* LaunchScreen.storyboard */ = {
			isa = PBXVariantGroup;
			children = (
				BD0F6823283FF07C00ACC18E /* Base */,
			);
			name = LaunchScreen.storyboard;
			sourceTree = "<group>";
		};
/* End PBXVariantGroup section */

/* Begin XCBuildConfiguration section */
		BD0F6826283FF07C00ACC18E /* Debug */ = {
			isa = XCBuildConfiguration;
			buildSettings = {
				ALWAYS_SEARCH_USER_PATHS = NO;
				CLANG_ANALYZER_NONNULL = YES;
				CLANG_ANALYZER_NUMBER_OBJECT_CONVERSION = YES_AGGRESSIVE;
				CLANG_CXX_LANGUAGE_STANDARD = "gnu++17";
				CLANG_ENABLE_MODULES = YES;
				CLANG_ENABLE_OBJC_ARC = YES;
				CLANG_ENABLE_OBJC_WEAK = YES;
				CLANG_WARN_BLOCK_CAPTURE_AUTORELEASING = YES;
				CLANG_WARN_BOOL_CONVERSION = YES;
				CLANG_WARN_COMMA = YES;
				CLANG_WARN_CONSTANT_CONVERSION = YES;
				CLANG_WARN_DEPRECATED_OBJC_IMPLEMENTATIONS = YES;
				CLANG_WARN_DIRECT_OBJC_ISA_USAGE = YES_ERROR;
				CLANG_WARN_DOCUMENTATION_COMMENTS = YES;
				CLANG_WARN_EMPTY_BODY = YES;
				CLANG_WARN_ENUM_CONVERSION = YES;
				CLANG_WARN_INFINITE_RECURSION = YES;
				CLANG_WARN_INT_CONVERSION = YES;
				CLANG_WARN_NON_LITERAL_NULL_CONVERSION = YES;
				CLANG_WARN_OBJC_IMPLICIT_RETAIN_SELF = YES;
				CLANG_WARN_OBJC_LITERAL_CONVERSION = YES;
				CLANG_WARN_OBJC_ROOT_CLASS = YES_ERROR;
				CLANG_WARN_QUOTED_INCLUDE_IN_FRAMEWORK_HEADER = YES;
				CLANG_WARN_RANGE_LOOP_ANALYSIS = YES;
				CLANG_WARN_STRICT_PROTOTYPES = YES;
				CLANG_WARN_SUSPICIOUS_MOVE = YES;
				CLANG_WARN_UNGUARDED_AVAILABILITY = YES_AGGRESSIVE;
				CLANG_WARN_UNREACHABLE_CODE = YES;
				CLANG_WARN__DUPLICATE_METHOD_MATCH = YES;
				COPY_PHASE_STRIP = NO;
				DEBUG_INFORMATION_FORMAT = dwarf;
				ENABLE_STRICT_OBJC_MSGSEND = YES;
				ENABLE_TESTABILITY = YES;
				GCC_C_LANGUAGE_STANDARD = gnu11;
				GCC_DYNAMIC_NO_PIC = NO;
				GCC_NO_COMMON_BLOCKS = YES;
				GCC_OPTIMIZATION_LEVEL = 0;
				GCC_PREPROCESSOR_DEFINITIONS = (
					"DEBUG=1",
					"$(inherited)",
				);
				GCC_WARN_64_TO_32_BIT_CONVERSION = YES;
				GCC_WARN_ABOUT_RETURN_TYPE = YES_ERROR;
				GCC_WARN_UNDECLARED_SELECTOR = YES;
				GCC_WARN_UNINITIALIZED_AUTOS = YES_AGGRESSIVE;
				GCC_WARN_UNUSED_FUNCTION = YES;
				GCC_WARN_UNUSED_VARIABLE = YES;
				IPHONEOS_DEPLOYMENT_TARGET = 15.5;
				MTL_ENABLE_DEBUG_INFO = INCLUDE_SOURCE;
				MTL_FAST_MATH = YES;
				ONLY_ACTIVE_ARCH = YES;
				SDKROOT = iphoneos;
				SWIFT_ACTIVE_COMPILATION_CONDITIONS = DEBUG;
				SWIFT_OPTIMIZATION_LEVEL = "-Onone";
			};
			name = Debug;
		};
		BD0F6827283FF07C00ACC18E /* Release */ = {
			isa = XCBuildConfiguration;
			buildSettings = {
				ALWAYS_SEARCH_USER_PATHS = NO;
				CLANG_ANALYZER_NONNULL = YES;
				CLANG_ANALYZER_NUMBER_OBJECT_CONVERSION = YES_AGGRESSIVE;
				CLANG_CXX_LANGUAGE_STANDARD = "gnu++17";
				CLANG_ENABLE_MODULES = YES;
				CLANG_ENABLE_OBJC_ARC = YES;
				CLANG_ENABLE_OBJC_WEAK = YES;
				CLANG_WARN_BLOCK_CAPTURE_AUTORELEASING = YES;
				CLANG_WARN_BOOL_CONVERSION = YES;
				CLANG_WARN_COMMA = YES;
				CLANG_WARN_CONSTANT_CONVERSION = YES;
				CLANG_WARN_DEPRECATED_OBJC_IMPLEMENTATIONS = YES;
				CLANG_WARN_DIRECT_OBJC_ISA_USAGE = YES_ERROR;
				CLANG_WARN_DOCUMENTATION_COMMENTS = YES;
				CLANG_WARN_EMPTY_BODY = YES;
				CLANG_WARN_ENUM_CONVERSION = YES;
				CLANG_WARN_INFINITE_RECURSION = YES;
				CLANG_WARN_INT_CONVERSION = YES;
				CLANG_WARN_NON_LITERAL_NULL_CONVERSION = YES;
				CLANG_WARN_OBJC_IMPLICIT_RETAIN_SELF = YES;
				CLANG_WARN_OBJC_LITERAL_CONVERSION = YES;
				CLANG_WARN_OBJC_ROOT_CLASS = YES_ERROR;
				CLANG_WARN_QUOTED_INCLUDE_IN_FRAMEWORK_HEADER = YES;
				CLANG_WARN_RANGE_LOOP_ANALYSIS = YES;
				CLANG_WARN_STRICT_PROTOTYPES = YES;
				CLANG_WARN_SUSPICIOUS_MOVE = YES;
				CLANG_WARN_UNGUARDED_AVAILABILITY = YES_AGGRESSIVE;
				CLANG_WARN_UNREACHABLE_CODE = YES;
				CLANG_WARN__DUPLICATE_METHOD_MATCH = YES;
				COPY_PHASE_STRIP = NO;
				DEBUG_INFORMATION_FORMAT = "dwarf-with-dsym";
				ENABLE_NS_ASSERTIONS = NO;
				ENABLE_STRICT_OBJC_MSGSEND = YES;
				GCC_C_LANGUAGE_STANDARD = gnu11;
				GCC_NO_COMMON_BLOCKS = YES;
				GCC_WARN_64_TO_32_BIT_CONVERSION = YES;
				GCC_WARN_ABOUT_RETURN_TYPE = YES_ERROR;
				GCC_WARN_UNDECLARED_SELECTOR = YES;
				GCC_WARN_UNINITIALIZED_AUTOS = YES_AGGRESSIVE;
				GCC_WARN_UNUSED_FUNCTION = YES;
				GCC_WARN_UNUSED_VARIABLE = YES;
				IPHONEOS_DEPLOYMENT_TARGET = 15.5;
				MTL_ENABLE_DEBUG_INFO = NO;
				MTL_FAST_MATH = YES;
				SDKROOT = iphoneos;
				SWIFT_COMPILATION_MODE = wholemodule;
				SWIFT_OPTIMIZATION_LEVEL = "-O";
				VALIDATE_PRODUCT = YES;
			};
			name = Release;
		};
		BD0F6829283FF07C00ACC18E /* Debug */ = {
			isa = XCBuildConfiguration;
			buildSettings = {
				ASSETCATALOG_COMPILER_APPICON_NAME = AppIcon;
				ASSETCATALOG_COMPILER_GLOBAL_ACCENT_COLOR_NAME = AccentColor;
				CODE_SIGN_STYLE = Automatic;
				CURRENT_PROJECT_VERSION = 1;
				GENERATE_INFOPLIST_FILE = YES;
				INFOPLIST_FILE = JSONMock/Info.plist;
				INFOPLIST_KEY_UIApplicationSupportsIndirectInputEvents = YES;
				INFOPLIST_KEY_UILaunchStoryboardName = LaunchScreen;
				INFOPLIST_KEY_UIMainStoryboardFile = Main;
				INFOPLIST_KEY_UISupportedInterfaceOrientations_iPad = "UIInterfaceOrientationPortrait UIInterfaceOrientationPortraitUpsideDown UIInterfaceOrientationLandscapeLeft UIInterfaceOrientationLandscapeRight";
				INFOPLIST_KEY_UISupportedInterfaceOrientations_iPhone = "UIInterfaceOrientationPortrait UIInterfaceOrientationLandscapeLeft UIInterfaceOrientationLandscapeRight";
				LD_RUNPATH_SEARCH_PATHS = (
					"$(inherited)",
					"@executable_path/Frameworks",
				);
				MARKETING_VERSION = 1.0;
				PRODUCT_BUNDLE_IDENTIFIER = com.taekki.JSONMock;
				PRODUCT_NAME = "$(TARGET_NAME)";
				SWIFT_EMIT_LOC_STRINGS = YES;
				SWIFT_VERSION = 5.0;
				TARGETED_DEVICE_FAMILY = "1,2";
			};
			name = Debug;
		};
		BD0F682A283FF07C00ACC18E /* Release */ = {
			isa = XCBuildConfiguration;
			buildSettings = {
				ASSETCATALOG_COMPILER_APPICON_NAME = AppIcon;
				ASSETCATALOG_COMPILER_GLOBAL_ACCENT_COLOR_NAME = AccentColor;
				CODE_SIGN_STYLE = Automatic;
				CURRENT_PROJECT_VERSION = 1;
				GENERATE_INFOPLIST_FILE = YES;
				INFOPLIST_FILE = JSONMock/Info.plist;
				INFOPLIST_KEY_UIApplicationSupportsIndirectInputEvents = YES;
				INFOPLIST_KEY_UILaunchStoryboardName = LaunchScreen;
				INFOPLIST_KEY_UIMainStoryboardFile = Main;
				INFOPLIST_KEY_UISupportedInterfaceOrientations_iPad = "UIInterfaceOrientationPortrait UIInterfaceOrientationPortraitUpsideDown UIInterfaceOrientationLandscapeLeft UIInterfaceOrientationLandscapeRight";
				INFOPLIST_KEY_UISupportedInterfaceOrientations_iPhone = "UIInterfaceOrientationPortrait UIInterfaceOrientationLandscapeLeft UIInterfaceOrientationLandscapeRight";
				LD_RUNPATH_SEARCH_PATHS = (
					"$(inherited)",
					"@executable_path/Frameworks",
				);
				MARKETING_VERSION = 1.0;
				PRODUCT_BUNDLE_IDENTIFIER = com.taekki.JSONMock;
				PRODUCT_NAME = "$(TARGET_NAME)";
				SWIFT_EMIT_LOC_STRINGS = YES;
				SWIFT_VERSION = 5.0;
				TARGETED_DEVICE_FAMILY = "1,2";
			};
			name = Release;
		};
/* End XCBuildConfiguration section */

/* Begin XCConfigurationList section */
		BD0F680F283FF07A00ACC18E /* Build configuration list for PBXProject "JSONMock" */ = {
			isa = XCConfigurationList;
			buildConfigurations = (
				BD0F6826283FF07C00ACC18E /* Debug */,
				BD0F6827283FF07C00ACC18E /* Release */,
			);
			defaultConfigurationIsVisible = 0;
			defaultConfigurationName = Release;
		};
		BD0F6828283FF07C00ACC18E /* Build configuration list for PBXNativeTarget "JSONMock" */ = {
			isa = XCConfigurationList;
			buildConfigurations = (
				BD0F6829283FF07C00ACC18E /* Debug */,
				BD0F682A283FF07C00ACC18E /* Release */,
			);
			defaultConfigurationIsVisible = 0;
			defaultConfigurationName = Release;
		};
/* End XCConfigurationList section */
	};
	rootObject = BD0F680C283FF07A00ACC18E /* Project object */;
}
